
Microsoft Visual Studio Solution File, Format Version 12.00
# Visual Studio 15
VisualStudioVersion = 15.0.27009.1
MinimumVisualStudioVersion = 10.0.40219.1
Project("{9A19103F-16F7-4668-BE54-9A1E7A4F7556}") = "ProxyGenerator", "ProxyGenerator\ProxyGenerator.csproj", "{F6482C14-C474-4799-A098-852D446CCD65}"
EndProject
Project("{9A19103F-16F7-4668-BE54-9A1E7A4F7556}") = "ProxyGenerator.Tests", "ProxyGenerator.Tests\ProxyGenerator.Tests.csproj", "{CC8FF1F6-2FA0-4A1A-8360-BABE18E70926}"
EndProject
Project("{9A19103F-16F7-4668-BE54-9A1E7A4F7556}") = "PerformanceTelemetry", "PerformanceTelemetry\PerformanceTelemetry.csproj", "{9F3EA83C-E6AD-4D37-AB9A-1CB575A93098}"
EndProject
Project("{9A19103F-16F7-4668-BE54-9A1E7A4F7556}") = "PerformanceTelemetry.Tests", "PerformanceTelemetry.Tests\PerformanceTelemetry.Tests.csproj", "{A627A2CF-4DD5-4DAE-9E4A-A43CD44F932B}"
EndProject
Project("{9A19103F-16F7-4668-BE54-9A1E7A4F7556}") = "ProxyGenerator.NInject", "ProxyGenerator.NInject\ProxyGenerator.NInject.csproj", "{F84A61D9-B1B9-4C54-80AD-C5F4C99C411C}"
EndProject
Project("{9A19103F-16F7-4668-BE54-9A1E7A4F7556}") = "ProxyDemonstration", "ProxyDemonstration\ProxyDemonstration.csproj", "{17B4BC49-DC39-42F5-BF2B-8B7F31FD0566}"
EndProject
Project("{FAE04EC0-301F-11D3-BF4B-00C04F79EFBC}") = "ProxyNinjectDemostration", "ProxyNinjectDemostration\ProxyNinjectDemostration.csproj", "{03542CEC-C63D-46B2-9EE1-3E40976828A0}"
EndProject
Global
	GlobalSection(SolutionConfigurationPlatforms) = preSolution
		Debug|Any CPU = Debug|Any CPU
		Release|Any CPU = Release|Any CPU
	EndGlobalSection
	GlobalSection(ProjectConfigurationPlatforms) = postSolution
		{F6482C14-C474-4799-A098-852D446CCD65}.Debug|Any CPU.ActiveCfg = Debug|Any CPU
		{F6482C14-C474-4799-A098-852D446CCD65}.Debug|Any CPU.Build.0 = Debug|Any CPU
		{F6482C14-C474-4799-A098-852D446CCD65}.Release|Any CPU.ActiveCfg = Release|Any CPU
		{F6482C14-C474-4799-A098-852D446CCD65}.Release|Any CPU.Build.0 = Release|Any CPU
		{CC8FF1F6-2FA0-4A1A-8360-BABE18E70926}.Debug|Any CPU.ActiveCfg = Debug|Any CPU
		{CC8FF1F6-2FA0-4A1A-8360-BABE18E70926}.Debug|Any CPU.Build.0 = Debug|Any CPU
		{CC8FF1F6-2FA0-4A1A-8360-BABE18E70926}.Release|Any CPU.ActiveCfg = Release|Any CPU
		{CC8FF1F6-2FA0-4A1A-8360-BABE18E70926}.Release|Any CPU.Build.0 = Release|Any CPU
		{9F3EA83C-E6AD-4D37-AB9A-1CB575A93098}.Debug|Any CPU.ActiveCfg = Debug|Any CPU
		{9F3EA83C-E6AD-4D37-AB9A-1CB575A93098}.Debug|Any CPU.Build.0 = Debug|Any CPU
		{9F3EA83C-E6AD-4D37-AB9A-1CB575A93098}.Release|Any CPU.ActiveCfg = Release|Any CPU
		{9F3EA83C-E6AD-4D37-AB9A-1CB575A93098}.Release|Any CPU.Build.0 = Release|Any CPU
		{A627A2CF-4DD5-4DAE-9E4A-A43CD44F932B}.Debug|Any CPU.ActiveCfg = Debug|Any CPU
		{A627A2CF-4DD5-4DAE-9E4A-A43CD44F932B}.Debug|Any CPU.Build.0 = Debug|Any CPU
		{A627A2CF-4DD5-4DAE-9E4A-A43CD44F932B}.Release|Any CPU.ActiveCfg = Release|Any CPU
		{A627A2CF-4DD5-4DAE-9E4A-A43CD44F932B}.Release|Any CPU.Build.0 = Release|Any CPU
		{F84A61D9-B1B9-4C54-80AD-C5F4C99C411C}.Debug|Any CPU.ActiveCfg = Debug|Any CPU
		{F84A61D9-B1B9-4C54-80AD-C5F4C99C411C}.Debug|Any CPU.Build.0 = Debug|Any CPU
		{F84A61D9-B1B9-4C54-80AD-C5F4C99C411C}.Release|Any CPU.ActiveCfg = Release|Any CPU
		{F84A61D9-B1B9-4C54-80AD-C5F4C99C411C}.Release|Any CPU.Build.0 = Release|Any CPU
		{17B4BC49-DC39-42F5-BF2B-8B7F31FD0566}.Debug|Any CPU.ActiveCfg = Debug|Any CPU
		{17B4BC49-DC39-42F5-BF2B-8B7F31FD0566}.Debug|Any CPU.Build.0 = Debug|Any CPU
		{17B4BC49-DC39-42F5-BF2B-8B7F31FD0566}.Release|Any CPU.ActiveCfg = Release|Any CPU
		{17B4BC49-DC39-42F5-BF2B-8B7F31FD0566}.Release|Any CPU.Build.0 = Release|Any CPU
		{03542CEC-C63D-46B2-9EE1-3E40976828A0}.Debug|Any CPU.ActiveCfg = Debug|Any CPU
		{03542CEC-C63D-46B2-9EE1-3E40976828A0}.Debug|Any CPU.Build.0 = Debug|Any CPU
		{03542CEC-C63D-46B2-9EE1-3E40976828A0}.Release|Any CPU.ActiveCfg = Release|Any CPU
		{03542CEC-C63D-46B2-9EE1-3E40976828A0}.Release|Any CPU.Build.0 = Release|Any CPU
	EndGlobalSection
	GlobalSection(SolutionProperties) = preSolution
		HideSolutionNode = FALSE
	EndGlobalSection
	GlobalSection(ExtensibilityGlobals) = postSolution
		SolutionGuid = {C6A0464F-FB5A-427F-8BE2-0395733CC0C8}
	EndGlobalSection
EndGlobal
